// !$*UTF8*$!
{
	archiveVersion = 1;
	classes = {
	};
	objectVersion = 50;
	objects = {

/* Begin PBXBuildFile section */
		5EBD991B2442E3C500AD378F /* AppDelegate.swift in Sources */ = {isa = PBXBuildFile; fileRef = 5EBD991A2442E3C500AD378F /* AppDelegate.swift */; };
		5EBD991D2442E3C500AD378F /* SceneDelegate.swift in Sources */ = {isa = PBXBuildFile; fileRef = 5EBD991C2442E3C500AD378F /* SceneDelegate.swift */; };
		5EBD991F2442E3C500AD378F /* ViewController.swift in Sources */ = {isa = PBXBuildFile; fileRef = 5EBD991E2442E3C500AD378F /* ViewController.swift */; };
		5EBD99222442E3C500AD378F /* Main.storyboard in Resources */ = {isa = PBXBuildFile; fileRef = 5EBD99202442E3C500AD378F /* Main.storyboard */; };
		5EBD99242442E3C600AD378F /* Assets.xcassets in Resources */ = {isa = PBXBuildFile; fileRef = 5EBD99232442E3C600AD378F /* Assets.xcassets */; };
		5EBD99272442E3C600AD378F /* LaunchScreen.storyboard in Resources */ = {isa = PBXBuildFile; fileRef = 5EBD99252442E3C600AD378F /* LaunchScreen.storyboard */; };
		5EBD99322442E3C600AD378F /* DatePickerTests.swift in Sources */ = {isa = PBXBuildFile; fileRef = 5EBD99312442E3C600AD378F /* DatePickerTests.swift */; };
		5EBD993D2442E3C600AD378F /* DatePickerUITests.swift in Sources */ = {isa = PBXBuildFile; fileRef = 5EBD993C2442E3C600AD378F /* DatePickerUITests.swift */; };
/* End PBXBuildFile section */

/* Begin PBXContainerItemProxy section */
		5EBD992E2442E3C600AD378F /* PBXContainerItemProxy */ = {
			isa = PBXContainerItemProxy;
			containerPortal = 5EBD990F2442E3C500AD378F /* Project object */;
			proxyType = 1;
			remoteGlobalIDString = 5EBD99162442E3C500AD378F;
			remoteInfo = DatePicker;
		};
		5EBD99392442E3C600AD378F /* PBXContainerItemProxy */ = {
			isa = PBXContainerItemProxy;
			containerPortal = 5EBD990F2442E3C500AD378F /* Project object */;
			proxyType = 1;
			remoteGlobalIDString = 5EBD99162442E3C500AD378F;
			remoteInfo = DatePicker;
		};
/* End PBXContainerItemProxy section */

/* Begin PBXFileReference section */
		5EBD99172442E3C500AD378F /* DatePicker.app */ = {isa = PBXFileReference; explicitFileType = wrapper.application; includeInIndex = 0; path = DatePicker.app; sourceTree = BUILT_PRODUCTS_DIR; };
		5EBD991A2442E3C500AD378F /* AppDelegate.swift */ = {isa = PBXFileReference; lastKnownFileType = sourcecode.swift; path = AppDelegate.swift; sourceTree = "<group>"; };
		5EBD991C2442E3C500AD378F /* SceneDelegate.swift */ = {isa = PBXFileReference; lastKnownFileType = sourcecode.swift; path = SceneDelegate.swift; sourceTree = "<group>"; };
		5EBD991E2442E3C500AD378F /* ViewController.swift */ = {isa = PBXFileReference; lastKnownFileType = sourcecode.swift; path = ViewController.swift; sourceTree = "<group>"; };
		5EBD99212442E3C500AD378F /* Base */ = {isa = PBXFileReference; lastKnownFileType = file.storyboard; name = Base; path = Base.lproj/Main.storyboard; sourceTree = "<group>"; };
		5EBD99232442E3C600AD378F /* Assets.xcassets */ = {isa = PBXFileReference; lastKnownFileType = folder.assetcatalog; path = Assets.xcassets; sourceTree = "<group>"; };
		5EBD99262442E3C600AD378F /* Base */ = {isa = PBXFileReference; lastKnownFileType = file.storyboard; name = Base; path = Base.lproj/LaunchScreen.storyboard; sourceTree = "<group>"; };
		5EBD99282442E3C600AD378F /* Info.plist */ = {isa = PBXFileReference; lastKnownFileType = text.plist.xml; path = Info.plist; sourceTree = "<group>"; };
		5EBD992D2442E3C600AD378F /* DatePickerTests.xctest */ = {isa = PBXFileReference; explicitFileType = wrapper.cfbundle; includeInIndex = 0; path = DatePickerTests.xctest; sourceTree = BUILT_PRODUCTS_DIR; };
		5EBD99312442E3C600AD378F /* DatePickerTests.swift */ = {isa = PBXFileReference; lastKnownFileType = sourcecode.swift; path = DatePickerTests.swift; sourceTree = "<group>"; };
		5EBD99332442E3C600AD378F /* Info.plist */ = {isa = PBXFileReference; lastKnownFileType = text.plist.xml; path = Info.plist; sourceTree = "<group>"; };
		5EBD99382442E3C600AD378F /* DatePickerUITests.xctest */ = {isa = PBXFileReference; explicitFileType = wrapper.cfbundle; includeInIndex = 0; path = DatePickerUITests.xctest; sourceTree = BUILT_PRODUCTS_DIR; };
		5EBD993C2442E3C600AD378F /* DatePickerUITests.swift */ = {isa = PBXFileReference; lastKnownFileType = sourcecode.swift; path = DatePickerUITests.swift; sourceTree = "<group>"; };
		5EBD993E2442E3C600AD378F /* Info.plist */ = {isa = PBXFileReference; lastKnownFileType = text.plist.xml; path = Info.plist; sourceTree = "<group>"; };
/* End PBXFileReference section */

/* Begin PBXFrameworksBuildPhase section */
		5EBD99142442E3C500AD378F /* Frameworks */ = {
			isa = PBXFrameworksBuildPhase;
			buildActionMask = 2147483647;
			files = (
			);
			runOnlyForDeploymentPostprocessing = 0;
		};
		5EBD992A2442E3C600AD378F /* Frameworks */ = {
			isa = PBXFrameworksBuildPhase;
			buildActionMask = 2147483647;
			files = (
			);
			runOnlyForDeploymentPostprocessing = 0;
		};
		5EBD99352442E3C600AD378F /* Frameworks */ = {
			isa = PBXFrameworksBuildPhase;
			buildActionMask = 2147483647;
			files = (
			);
			runOnlyForDeploymentPostprocessing = 0;
		};
/* End PBXFrameworksBuildPhase section */

/* Begin PBXGroup section */
		5EBD990E2442E3C500AD378F = {
			isa = PBXGroup;
			children = (
				5EBD99192442E3C500AD378F /* DatePicker */,
				5EBD99302442E3C600AD378F /* DatePickerTests */,
				5EBD993B2442E3C600AD378F /* DatePickerUITests */,
				5EBD99182442E3C500AD378F /* Products */,
			);
			sourceTree = "<group>";
		};
		5EBD99182442E3C500AD378F /* Products */ = {
			isa = PBXGroup;
			children = (
				5EBD99172442E3C500AD378F /* DatePicker.app */,
				5EBD992D2442E3C600AD378F /* DatePickerTests.xctest */,
				5EBD99382442E3C600AD378F /* DatePickerUITests.xctest */,
			);
			name = Products;
			sourceTree = "<group>";
		};
		5EBD99192442E3C500AD378F /* DatePicker */ = {
			isa = PBXGroup;
			children = (
				5EBD991A2442E3C500AD378F /* AppDelegate.swift */,
				5EBD991C2442E3C500AD378F /* SceneDelegate.swift */,
				5EBD991E2442E3C500AD378F /* ViewController.swift */,
				5EBD99202442E3C500AD378F /* Main.storyboard */,
				5EBD99232442E3C600AD378F /* Assets.xcassets */,
				5EBD99252442E3C600AD378F /* LaunchScreen.storyboard */,
				5EBD99282442E3C600AD378F /* Info.plist */,
			);
			path = DatePicker;
			sourceTree = "<group>";
		};
		5EBD99302442E3C600AD378F /* DatePickerTests */ = {
			isa = PBXGroup;
			children = (
				5EBD99312442E3C600AD378F /* DatePickerTests.swift */,
				5EBD99332442E3C600AD378F /* Info.plist */,
			);
			path = DatePickerTests;
			sourceTree = "<group>";
		};
		5EBD993B2442E3C600AD378F /* DatePickerUITests */ = {
			isa = PBXGroup;
			children = (
				5EBD993C2442E3C600AD378F /* DatePickerUITests.swift */,
				5EBD993E2442E3C600AD378F /* Info.plist */,
			);
			path = DatePickerUITests;
			sourceTree = "<group>";
		};
/* End PBXGroup section */

/* Begin PBXNativeTarget section */
		5EBD99162442E3C500AD378F /* DatePicker */ = {
			isa = PBXNativeTarget;
			buildConfigurationList = 5EBD99412442E3C600AD378F /* Build configuration list for PBXNativeTarget "DatePicker" */;
			buildPhases = (
				5EBD99132442E3C500AD378F /* Sources */,
				5EBD99142442E3C500AD378F /* Frameworks */,
				5EBD99152442E3C500AD378F /* Resources */,
			);
			buildRules = (
			);
			dependencies = (
			);
			name = DatePicker;
			productName = DatePicker;
			productReference = 5EBD99172442E3C500AD378F /* DatePicker.app */;
			productType = "com.apple.product-type.application";
		};
		5EBD992C2442E3C600AD378F /* DatePickerTests */ = {
			isa = PBXNativeTarget;
			buildConfigurationList = 5EBD99442442E3C600AD378F /* Build configuration list for PBXNativeTarget "DatePickerTests" */;
			buildPhases = (
				5EBD99292442E3C600AD378F /* Sources */,
				5EBD992A2442E3C600AD378F /* Frameworks */,
				5EBD992B2442E3C600AD378F /* Resources */,
			);
			buildRules = (
			);
			dependencies = (
				5EBD992F2442E3C600AD378F /* PBXTargetDependency */,
			);
			name = DatePickerTests;
			productName = DatePickerTests;
			productReference = 5EBD992D2442E3C600AD378F /* DatePickerTests.xctest */;
			productType = "com.apple.product-type.bundle.unit-test";
		};
		5EBD99372442E3C600AD378F /* DatePickerUITests */ = {
			isa = PBXNativeTarget;
			buildConfigurationList = 5EBD99472442E3C600AD378F /* Build configuration list for PBXNativeTarget "DatePickerUITests" */;
			buildPhases = (
				5EBD99342442E3C600AD378F /* Sources */,
				5EBD99352442E3C600AD378F /* Frameworks */,
				5EBD99362442E3C600AD378F /* Resources */,
			);
			buildRules = (
			);
			dependencies = (
				5EBD993A2442E3C600AD378F /* PBXTargetDependency */,
			);
			name = DatePickerUITests;
			productName = DatePickerUITests;
			productReference = 5EBD99382442E3C600AD378F /* DatePickerUITests.xctest */;
			productType = "com.apple.product-type.bundle.ui-testing";
		};
/* End PBXNativeTarget section */

/* Begin PBXProject section */
		5EBD990F2442E3C500AD378F /* Project object */ = {
			isa = PBXProject;
			attributes = {
				LastSwiftUpdateCheck = 1140;
				LastUpgradeCheck = 1140;
				ORGANIZATIONNAME = "Jinkyu Kim";
				TargetAttributes = {
					5EBD99162442E3C500AD378F = {
						CreatedOnToolsVersion = 11.4;
					};
					5EBD992C2442E3C600AD378F = {
						CreatedOnToolsVersion = 11.4;
						TestTargetID = 5EBD99162442E3C500AD378F;
					};
					5EBD99372442E3C600AD378F = {
						CreatedOnToolsVersion = 11.4;
						TestTargetID = 5EBD99162442E3C500AD378F;
					};
				};
			};
			buildConfigurationList = 5EBD99122442E3C500AD378F /* Build configuration list for PBXProject "DatePicker" */;
			compatibilityVersion = "Xcode 9.3";
			developmentRegion = en;
			hasScannedForEncodings = 0;
			knownRegions = (
				en,
				Base,
			);
			mainGroup = 5EBD990E2442E3C500AD378F;
			productRefGroup = 5EBD99182442E3C500AD378F /* Products */;
			projectDirPath = "";
			projectRoot = "";
			targets = (
				5EBD99162442E3C500AD378F /* DatePicker */,
				5EBD992C2442E3C600AD378F /* DatePickerTests */,
				5EBD99372442E3C600AD378F /* DatePickerUITests */,
			);
		};
/* End PBXProject section */

/* Begin PBXResourcesBuildPhase section */
		5EBD99152442E3C500AD378F /* Resources */ = {
			isa = PBXResourcesBuildPhase;
			buildActionMask = 2147483647;
			files = (
				5EBD99272442E3C600AD378F /* LaunchScreen.storyboard in Resources */,
				5EBD99242442E3C600AD378F /* Assets.xcassets in Resources */,
				5EBD99222442E3C500AD378F /* Main.storyboard in Resources */,
			);
			runOnlyForDeploymentPostprocessing = 0;
		};
		5EBD992B2442E3C600AD378F /* Resources */ = {
			isa = PBXResourcesBuildPhase;
			buildActionMask = 2147483647;
			files = (
			);
			runOnlyForDeploymentPostprocessing = 0;
		};
		5EBD99362442E3C600AD378F /* Resources */ = {
			isa = PBXResourcesBuildPhase;
			buildActionMask = 2147483647;
			files = (
			);
			runOnlyForDeploymentPostprocessing = 0;
		};
/* End PBXResourcesBuildPhase section */

/* Begin PBXSourcesBuildPhase section */
		5EBD99132442E3C500AD378F /* Sources */ = {
			isa = PBXSourcesBuildPhase;
			buildActionMask = 2147483647;
			files = (
				5EBD991F2442E3C500AD378F /* ViewController.swift in Sources */,
				5EBD991B2442E3C500AD378F /* AppDelegate.swift in Sources */,
				5EBD991D2442E3C500AD378F /* SceneDelegate.swift in Sources */,
			);
			runOnlyForDeploymentPostprocessing = 0;
		};
		5EBD99292442E3C600AD378F /* Sources */ = {
			isa = PBXSourcesBuildPhase;
			buildActionMask = 2147483647;
			files = (
				5EBD99322442E3C600AD378F /* DatePickerTests.swift in Sources */,
			);
			runOnlyForDeploymentPostprocessing = 0;
		};
		5EBD99342442E3C600AD378F /* Sources */ = {
			isa = PBXSourcesBuildPhase;
			buildActionMask = 2147483647;
			files = (
				5EBD993D2442E3C600AD378F /* DatePickerUITests.swift in Sources */,
			);
			runOnlyForDeploymentPostprocessing = 0;
		};
/* End PBXSourcesBuildPhase section */

/* Begin PBXTargetDependency section */
		5EBD992F2442E3C600AD378F /* PBXTargetDependency */ = {
			isa = PBXTargetDependency;
			target = 5EBD99162442E3C500AD378F /* DatePicker */;
			targetProxy = 5EBD992E2442E3C600AD378F /* PBXContainerItemProxy */;
		};
		5EBD993A2442E3C600AD378F /* PBXTargetDependency */ = {
			isa = PBXTargetDependency;
			target = 5EBD99162442E3C500AD378F /* DatePicker */;
			targetProxy = 5EBD99392442E3C600AD378F /* PBXContainerItemProxy */;
		};
/* End PBXTargetDependency section */

/* Begin PBXVariantGroup section */
		5EBD99202442E3C500AD378F /* Main.storyboard */ = {
			isa = PBXVariantGroup;
			children = (
				5EBD99212442E3C500AD378F /* Base */,
			);
			name = Main.storyboard;
			sourceTree = "<group>";
		};
		5EBD99252442E3C600AD378F /* LaunchScreen.storyboard */ = {
			isa = PBXVariantGroup;
			children = (
				5EBD99262442E3C600AD378F /* Base */,
			);
			name = LaunchScreen.storyboard;
			sourceTree = "<group>";
		};
/* End PBXVariantGroup section */

/* Begin XCBuildConfiguration section */
		5EBD993F2442E3C600AD378F /* Debug */ = {
			isa = XCBuildConfiguration;
			buildSettings = {
				ALWAYS_SEARCH_USER_PATHS = NO;
				CLANG_ANALYZER_NONNULL = YES;
				CLANG_ANALYZER_NUMBER_OBJECT_CONVERSION = YES_AGGRESSIVE;
				CLANG_CXX_LANGUAGE_STANDARD = "gnu++14";
				CLANG_CXX_LIBRARY = "libc++";
				CLANG_ENABLE_MODULES = YES;
				CLANG_ENABLE_OBJC_ARC = YES;
				CLANG_ENABLE_OBJC_WEAK = YES;
				CLANG_WARN_BLOCK_CAPTURE_AUTORELEASING = YES;
				CLANG_WARN_BOOL_CONVERSION = YES;
				CLANG_WARN_COMMA = YES;
				CLANG_WARN_CONSTANT_CONVERSION = YES;
				CLANG_WARN_DEPRECATED_OBJC_IMPLEMENTATIONS = YES;
				CLANG_WARN_DIRECT_OBJC_ISA_USAGE = YES_ERROR;
				CLANG_WARN_DOCUMENTATION_COMMENTS = YES;
				CLANG_WARN_EMPTY_BODY = YES;
				CLANG_WARN_ENUM_CONVERSION = YES;
				CLANG_WARN_INFINITE_RECURSION = YES;
				CLANG_WARN_INT_CONVERSION = YES;
				CLANG_WARN_NON_LITERAL_NULL_CONVERSION = YES;
				CLANG_WARN_OBJC_IMPLICIT_RETAIN_SELF = YES;
				CLANG_WARN_OBJC_LITERAL_CONVERSION = YES;
				CLANG_WARN_OBJC_ROOT_CLASS = YES_ERROR;
				CLANG_WARN_RANGE_LOOP_ANALYSIS = YES;
				CLANG_WARN_STRICT_PROTOTYPES = YES;
				CLANG_WARN_SUSPICIOUS_MOVE = YES;
				CLANG_WARN_UNGUARDED_AVAILABILITY = YES_AGGRESSIVE;
				CLANG_WARN_UNREACHABLE_CODE = YES;
				CLANG_WARN__DUPLICATE_METHOD_MATCH = YES;
				COPY_PHASE_STRIP = NO;
				DEBUG_INFORMATION_FORMAT = dwarf;
				ENABLE_STRICT_OBJC_MSGSEND = YES;
				ENABLE_TESTABILITY = YES;
				GCC_C_LANGUAGE_STANDARD = gnu11;
				GCC_DYNAMIC_NO_PIC = NO;
				GCC_NO_COMMON_BLOCKS = YES;
				GCC_OPTIMIZATION_LEVEL = 0;
				GCC_PREPROCESSOR_DEFINITIONS = (
					"DEBUG=1",
					"$(inherited)",
				);
				GCC_WARN_64_TO_32_BIT_CONVERSION = YES;
				GCC_WARN_ABOUT_RETURN_TYPE = YES_ERROR;
				GCC_WARN_UNDECLARED_SELECTOR = YES;
				GCC_WARN_UNINITIALIZED_AUTOS = YES_AGGRESSIVE;
				GCC_WARN_UNUSED_FUNCTION = YES;
				GCC_WARN_UNUSED_VARIABLE = YES;
				IPHONEOS_DEPLOYMENT_TARGET = 13.4;
				MTL_ENABLE_DEBUG_INFO = INCLUDE_SOURCE;
				MTL_FAST_MATH = YES;
				ONLY_ACTIVE_ARCH = YES;
				SDKROOT = iphoneos;
				SWIFT_ACTIVE_COMPILATION_CONDITIONS = DEBUG;
				SWIFT_OPTIMIZATION_LEVEL = "-Onone";
			};
			name = Debug;
		};
		5EBD99402442E3C600AD378F /* Release */ = {
			isa = XCBuildConfiguration;
			buildSettings = {
				ALWAYS_SEARCH_USER_PATHS = NO;
				CLANG_ANALYZER_NONNULL = YES;
				CLANG_ANALYZER_NUMBER_OBJECT_CONVERSION = YES_AGGRESSIVE;
				CLANG_CXX_LANGUAGE_STANDARD = "gnu++14";
				CLANG_CXX_LIBRARY = "libc++";
				CLANG_ENABLE_MODULES = YES;
				CLANG_ENABLE_OBJC_ARC = YES;
				CLANG_ENABLE_OBJC_WEAK = YES;
				CLANG_WARN_BLOCK_CAPTURE_AUTORELEASING = YES;
				CLANG_WARN_BOOL_CONVERSION = YES;
				CLANG_WARN_COMMA = YES;
				CLANG_WARN_CONSTANT_CONVERSION = YES;
				CLANG_WARN_DEPRECATED_OBJC_IMPLEMENTATIONS = YES;
				CLANG_WARN_DIRECT_OBJC_ISA_USAGE = YES_ERROR;
				CLANG_WARN_DOCUMENTATION_COMMENTS = YES;
				CLANG_WARN_EMPTY_BODY = YES;
				CLANG_WARN_ENUM_CONVERSION = YES;
				CLANG_WARN_INFINITE_RECURSION = YES;
				CLANG_WARN_INT_CONVERSION = YES;
				CLANG_WARN_NON_LITERAL_NULL_CONVERSION = YES;
				CLANG_WARN_OBJC_IMPLICIT_RETAIN_SELF = YES;
				CLANG_WARN_OBJC_LITERAL_CONVERSION = YES;
				CLANG_WARN_OBJC_ROOT_CLASS = YES_ERROR;
				CLANG_WARN_RANGE_LOOP_ANALYSIS = YES;
				CLANG_WARN_STRICT_PROTOTYPES = YES;
				CLANG_WARN_SUSPICIOUS_MOVE = YES;
				CLANG_WARN_UNGUARDED_AVAILABILITY = YES_AGGRESSIVE;
				CLANG_WARN_UNREACHABLE_CODE = YES;
				CLANG_WARN__DUPLICATE_METHOD_MATCH = YES;
				COPY_PHASE_STRIP = NO;
				DEBUG_INFORMATION_FORMAT = "dwarf-with-dsym";
				ENABLE_NS_ASSERTIONS = NO;
				ENABLE_STRICT_OBJC_MSGSEND = YES;
				GCC_C_LANGUAGE_STANDARD = gnu11;
				GCC_NO_COMMON_BLOCKS = YES;
				GCC_WARN_64_TO_32_BIT_CONVERSION = YES;
				GCC_WARN_ABOUT_RETURN_TYPE = YES_ERROR;
				GCC_WARN_UNDECLARED_SELECTOR = YES;
				GCC_WARN_UNINITIALIZED_AUTOS = YES_AGGRESSIVE;
				GCC_WARN_UNUSED_FUNCTION = YES;
				GCC_WARN_UNUSED_VARIABLE = YES;
				IPHONEOS_DEPLOYMENT_TARGET = 13.4;
				MTL_ENABLE_DEBUG_INFO = NO;
				MTL_FAST_MATH = YES;
				SDKROOT = iphoneos;
				SWIFT_COMPILATION_MODE = wholemodule;
				SWIFT_OPTIMIZATION_LEVEL = "-O";
				VALIDATE_PRODUCT = YES;
			};
			name = Release;
		};
		5EBD99422442E3C600AD378F /* Debug */ = {
			isa = XCBuildConfiguration;
			buildSettings = {
				ASSETCATALOG_COMPILER_APPICON_NAME = AppIcon;
				CODE_SIGN_STYLE = Automatic;
				DEVELOPMENT_TEAM = G4H7TGCHUL;
				INFOPLIST_FILE = DatePicker/Info.plist;
				LD_RUNPATH_SEARCH_PATHS = (
					"$(inherited)",
					"@executable_path/Frameworks",
				);
				PRODUCT_BUNDLE_IDENTIFIER = com.mycompany.ios.MyApp.DatePicker;
				PRODUCT_NAME = "$(TARGET_NAME)";
				SWIFT_VERSION = 5.0;
				TARGETED_DEVICE_FAMILY = "1,2";
			};
			name = Debug;
		};
		5EBD99432442E3C600AD378F /* Release */ = {
			isa = XCBuildConfiguration;
			buildSettings = {
				ASSETCATALOG_COMPILER_APPICON_NAME = AppIcon;
				CODE_SIGN_STYLE = Automatic;
				DEVELOPMENT_TEAM = G4H7TGCHUL;
				INFOPLIST_FILE = DatePicker/Info.plist;
				LD_RUNPATH_SEARCH_PATHS = (
					"$(inherited)",
					"@executable_path/Frameworks",
				);
				PRODUCT_BUNDLE_IDENTIFIER = com.mycompany.ios.MyApp.DatePicker;
				PRODUCT_NAME = "$(TARGET_NAME)";
				SWIFT_VERSION = 5.0;
				TARGETED_DEVICE_FAMILY = "1,2";
			};
			name = Release;
		};
		5EBD99452442E3C600AD378F /* Debug */ = {
			isa = XCBuildConfiguration;
			buildSettings = {
				ALWAYS_EMBED_SWIFT_STANDARD_LIBRARIES = YES;
				BUNDLE_LOADER = "$(TEST_HOST)";
				CODE_SIGN_STYLE = Automatic;
				DEVELOPMENT_TEAM = G4H7TGCHUL;
				INFOPLIST_FILE = DatePickerTests/Info.plist;
				IPHONEOS_DEPLOYMENT_TARGET = 13.4;
				LD_RUNPATH_SEARCH_PATHS = (
					"$(inherited)",
					"@executable_path/Frameworks",
					"@loader_path/Frameworks",
				);
				PRODUCT_BUNDLE_IDENTIFIER = com.mycompany.ios.MyApp.DatePickerTests;
				PRODUCT_NAME = "$(TARGET_NAME)";
				SWIFT_VERSION = 5.0;
				TARGETED_DEVICE_FAMILY = "1,2";
				TEST_HOST = "$(BUILT_PRODUCTS_DIR)/DatePicker.app/DatePicker";
			};
			name = Debug;
		};
		5EBD99462442E3C600AD378F /* Release */ = {
			isa = XCBuildConfiguration;
			buildSettings = {
				ALWAYS_EMBED_SWIFT_STANDARD_LIBRARIES = YES;
				BUNDLE_LOADER = "$(TEST_HOST)";
				CODE_SIGN_STYLE = Automatic;
				DEVELOPMENT_TEAM = G4H7TGCHUL;
				INFOPLIST_FILE = DatePickerTests/Info.plist;
				IPHONEOS_DEPLOYMENT_TARGET = 13.4;
				LD_RUNPATH_SEARCH_PATHS = (
					"$(inherited)",
					"@executable_path/Frameworks",
					"@loader_path/Frameworks",
				);
				PRODUCT_BUNDLE_IDENTIFIER = com.mycompany.ios.MyApp.DatePickerTests;
				PRODUCT_NAME = "$(TARGET_NAME)";
				SWIFT_VERSION = 5.0;
				TARGETED_DEVICE_FAMILY = "1,2";
				TEST_HOST = "$(BUILT_PRODUCTS_DIR)/DatePicker.app/DatePicker";
			};
			name = Release;
		};
		5EBD99482442E3C600AD378F /* Debug */ = {
			isa = XCBuildConfiguration;
			buildSettings = {
				ALWAYS_EMBED_SWIFT_STANDARD_LIBRARIES = YES;
				CODE_SIGN_STYLE = Automatic;
				DEVELOPMENT_TEAM = G4H7TGCHUL;
				INFOPLIST_FILE = DatePickerUITests/Info.plist;
				LD_RUNPATH_SEARCH_PATHS = (
					"$(inherited)",
					"@executable_path/Frameworks",
					"@loader_path/Frameworks",
				);
				PRODUCT_BUNDLE_IDENTIFIER = com.mycompany.ios.MyApp.DatePickerUITests;
				PRODUCT_NAME = "$(TARGET_NAME)";
				SWIFT_VERSION = 5.0;
				TARGETED_DEVICE_FAMILY = "1,2";
				TEST_TARGET_NAME = DatePicker;
			};
			name = Debug;
		};
		5EBD99492442E3C600AD378F /* Release */ = {
			isa = XCBuildConfiguration;
			buildSettings = {
				ALWAYS_EMBED_SWIFT_STANDARD_LIBRARIES = YES;
				CODE_SIGN_STYLE = Automatic;
				DEVELOPMENT_TEAM = G4H7TGCHUL;
				INFOPLIST_FILE = DatePickerUITests/Info.plist;
				LD_RUNPATH_SEARCH_PATHS = (
					"$(inherited)",
					"@executable_path/Frameworks",
					"@loader_path/Frameworks",
				);
				PRODUCT_BUNDLE_IDENTIFIER = com.mycompany.ios.MyApp.DatePickerUITests;
				PRODUCT_NAME = "$(TARGET_NAME)";
				SWIFT_VERSION = 5.0;
				TARGETED_DEVICE_FAMILY = "1,2";
				TEST_TARGET_NAME = DatePicker;
			};
			name = Release;
		};
/* End XCBuildConfiguration section */

/* Begin XCConfigurationList section */
		5EBD99122442E3C500AD378F /* Build configuration list for PBXProject "DatePicker" */ = {
			isa = XCConfigurationList;
			buildConfigurations = (
				5EBD993F2442E3C600AD378F /* Debug */,
				5EBD99402442E3C600AD378F /* Release */,
			);
			defaultConfigurationIsVisible = 0;
			defaultConfigurationName = Release;
		};
		5EBD99412442E3C600AD378F /* Build configuration list for PBXNativeTarget "DatePicker" */ = {
			isa = XCConfigurationList;
			buildConfigurations = (
				5EBD99422442E3C600AD378F /* Debug */,
				5EBD99432442E3C600AD378F /* Release */,
			);
			defaultConfigurationIsVisible = 0;
			defaultConfigurationName = Release;
		};
		5EBD99442442E3C600AD378F /* Build configuration list for PBXNativeTarget "DatePickerTests" */ = {
			isa = XCConfigurationList;
			buildConfigurations = (
				5EBD99452442E3C600AD378F /* Debug */,
				5EBD99462442E3C600AD378F /* Release */,
			);
			defaultConfigurationIsVisible = 0;
			defaultConfigurationName = Release;
		};
		5EBD99472442E3C600AD378F /* Build configuration list for PBXNativeTarget "DatePickerUITests" */ = {
			isa = XCConfigurationList;
			buildConfigurations = (
				5EBD99482442E3C600AD378F /* Debug */,
				5EBD99492442E3C600AD378F /* Release */,
			);
			defaultConfigurationIsVisible = 0;
			defaultConfigurationName = Release;
		};
/* End XCConfigurationList section */
	};
	rootObject = 5EBD990F2442E3C500AD378F /* Project object */;
}
