// !$*UTF8*$!
{
	archiveVersion = 1;
	classes = {
	};
	objectVersion = 50;
	objects = {

/* Begin PBXBuildFile section */
		5E428ADE244C9BCA003C2BF5 /* AppDelegate.swift in Sources */ = {isa = PBXBuildFile; fileRef = 5E428ADD244C9BCA003C2BF5 /* AppDelegate.swift */; };
		5E428AE0244C9BCA003C2BF5 /* SceneDelegate.swift in Sources */ = {isa = PBXBuildFile; fileRef = 5E428ADF244C9BCA003C2BF5 /* SceneDelegate.swift */; };
		5E428AE2244C9BCA003C2BF5 /* ViewController.swift in Sources */ = {isa = PBXBuildFile; fileRef = 5E428AE1244C9BCA003C2BF5 /* ViewController.swift */; };
		5E428AE5244C9BCA003C2BF5 /* Main.storyboard in Resources */ = {isa = PBXBuildFile; fileRef = 5E428AE3244C9BCA003C2BF5 /* Main.storyboard */; };
		5E428AE7244C9BCB003C2BF5 /* Assets.xcassets in Resources */ = {isa = PBXBuildFile; fileRef = 5E428AE6244C9BCB003C2BF5 /* Assets.xcassets */; };
		5E428AEA244C9BCB003C2BF5 /* LaunchScreen.storyboard in Resources */ = {isa = PBXBuildFile; fileRef = 5E428AE8244C9BCB003C2BF5 /* LaunchScreen.storyboard */; };
		5E428AF4244C9C22003C2BF5 /* lamp-off.png in Resources */ = {isa = PBXBuildFile; fileRef = 5E428AF1244C9C22003C2BF5 /* lamp-off.png */; };
		5E428AF5244C9C22003C2BF5 /* lamp-remove.png in Resources */ = {isa = PBXBuildFile; fileRef = 5E428AF2244C9C22003C2BF5 /* lamp-remove.png */; };
		5E428AF6244C9C22003C2BF5 /* lamp-on.png in Resources */ = {isa = PBXBuildFile; fileRef = 5E428AF3244C9C22003C2BF5 /* lamp-on.png */; };
/* End PBXBuildFile section */

/* Begin PBXFileReference section */
		5E428ADA244C9BCA003C2BF5 /* Alert.app */ = {isa = PBXFileReference; explicitFileType = wrapper.application; includeInIndex = 0; path = Alert.app; sourceTree = BUILT_PRODUCTS_DIR; };
		5E428ADD244C9BCA003C2BF5 /* AppDelegate.swift */ = {isa = PBXFileReference; lastKnownFileType = sourcecode.swift; path = AppDelegate.swift; sourceTree = "<group>"; };
		5E428ADF244C9BCA003C2BF5 /* SceneDelegate.swift */ = {isa = PBXFileReference; lastKnownFileType = sourcecode.swift; path = SceneDelegate.swift; sourceTree = "<group>"; };
		5E428AE1244C9BCA003C2BF5 /* ViewController.swift */ = {isa = PBXFileReference; lastKnownFileType = sourcecode.swift; path = ViewController.swift; sourceTree = "<group>"; };
		5E428AE4244C9BCA003C2BF5 /* Base */ = {isa = PBXFileReference; lastKnownFileType = file.storyboard; name = Base; path = Base.lproj/Main.storyboard; sourceTree = "<group>"; };
		5E428AE6244C9BCB003C2BF5 /* Assets.xcassets */ = {isa = PBXFileReference; lastKnownFileType = folder.assetcatalog; path = Assets.xcassets; sourceTree = "<group>"; };
		5E428AE9244C9BCB003C2BF5 /* Base */ = {isa = PBXFileReference; lastKnownFileType = file.storyboard; name = Base; path = Base.lproj/LaunchScreen.storyboard; sourceTree = "<group>"; };
		5E428AEB244C9BCB003C2BF5 /* Info.plist */ = {isa = PBXFileReference; lastKnownFileType = text.plist.xml; path = Info.plist; sourceTree = "<group>"; };
		5E428AF1244C9C22003C2BF5 /* lamp-off.png */ = {isa = PBXFileReference; lastKnownFileType = image.png; path = "lamp-off.png"; sourceTree = "<group>"; };
		5E428AF2244C9C22003C2BF5 /* lamp-remove.png */ = {isa = PBXFileReference; lastKnownFileType = image.png; path = "lamp-remove.png"; sourceTree = "<group>"; };
		5E428AF3244C9C22003C2BF5 /* lamp-on.png */ = {isa = PBXFileReference; lastKnownFileType = image.png; path = "lamp-on.png"; sourceTree = "<group>"; };
/* End PBXFileReference section */

/* Begin PBXFrameworksBuildPhase section */
		5E428AD7244C9BCA003C2BF5 /* Frameworks */ = {
			isa = PBXFrameworksBuildPhase;
			buildActionMask = 2147483647;
			files = (
			);
			runOnlyForDeploymentPostprocessing = 0;
		};
/* End PBXFrameworksBuildPhase section */

/* Begin PBXGroup section */
		5E428AD1244C9BCA003C2BF5 = {
			isa = PBXGroup;
			children = (
				5E428ADC244C9BCA003C2BF5 /* Alert */,
				5E428ADB244C9BCA003C2BF5 /* Products */,
			);
			sourceTree = "<group>";
		};
		5E428ADB244C9BCA003C2BF5 /* Products */ = {
			isa = PBXGroup;
			children = (
				5E428ADA244C9BCA003C2BF5 /* Alert.app */,
			);
			name = Products;
			sourceTree = "<group>";
		};
		5E428ADC244C9BCA003C2BF5 /* Alert */ = {
			isa = PBXGroup;
			children = (
				5E428AF1244C9C22003C2BF5 /* lamp-off.png */,
				5E428AF3244C9C22003C2BF5 /* lamp-on.png */,
				5E428AF2244C9C22003C2BF5 /* lamp-remove.png */,
				5E428ADD244C9BCA003C2BF5 /* AppDelegate.swift */,
				5E428ADF244C9BCA003C2BF5 /* SceneDelegate.swift */,
				5E428AE1244C9BCA003C2BF5 /* ViewController.swift */,
				5E428AE3244C9BCA003C2BF5 /* Main.storyboard */,
				5E428AE6244C9BCB003C2BF5 /* Assets.xcassets */,
				5E428AE8244C9BCB003C2BF5 /* LaunchScreen.storyboard */,
				5E428AEB244C9BCB003C2BF5 /* Info.plist */,
			);
			path = Alert;
			sourceTree = "<group>";
		};
/* End PBXGroup section */

/* Begin PBXNativeTarget section */
		5E428AD9244C9BCA003C2BF5 /* Alert */ = {
			isa = PBXNativeTarget;
			buildConfigurationList = 5E428AEE244C9BCB003C2BF5 /* Build configuration list for PBXNativeTarget "Alert" */;
			buildPhases = (
				5E428AD6244C9BCA003C2BF5 /* Sources */,
				5E428AD7244C9BCA003C2BF5 /* Frameworks */,
				5E428AD8244C9BCA003C2BF5 /* Resources */,
			);
			buildRules = (
			);
			dependencies = (
			);
			name = Alert;
			productName = Alert;
			productReference = 5E428ADA244C9BCA003C2BF5 /* Alert.app */;
			productType = "com.apple.product-type.application";
		};
/* End PBXNativeTarget section */

/* Begin PBXProject section */
		5E428AD2244C9BCA003C2BF5 /* Project object */ = {
			isa = PBXProject;
			attributes = {
				LastSwiftUpdateCheck = 1140;
				LastUpgradeCheck = 1140;
				ORGANIZATIONNAME = "Jinkyu Kim";
				TargetAttributes = {
					5E428AD9244C9BCA003C2BF5 = {
						CreatedOnToolsVersion = 11.4.1;
					};
				};
			};
			buildConfigurationList = 5E428AD5244C9BCA003C2BF5 /* Build configuration list for PBXProject "Alert" */;
			compatibilityVersion = "Xcode 9.3";
			developmentRegion = en;
			hasScannedForEncodings = 0;
			knownRegions = (
				en,
				Base,
			);
			mainGroup = 5E428AD1244C9BCA003C2BF5;
			productRefGroup = 5E428ADB244C9BCA003C2BF5 /* Products */;
			projectDirPath = "";
			projectRoot = "";
			targets = (
				5E428AD9244C9BCA003C2BF5 /* Alert */,
			);
		};
/* End PBXProject section */

/* Begin PBXResourcesBuildPhase section */
		5E428AD8244C9BCA003C2BF5 /* Resources */ = {
			isa = PBXResourcesBuildPhase;
			buildActionMask = 2147483647;
			files = (
				5E428AEA244C9BCB003C2BF5 /* LaunchScreen.storyboard in Resources */,
				5E428AF5244C9C22003C2BF5 /* lamp-remove.png in Resources */,
				5E428AF4244C9C22003C2BF5 /* lamp-off.png in Resources */,
				5E428AE7244C9BCB003C2BF5 /* Assets.xcassets in Resources */,
				5E428AF6244C9C22003C2BF5 /* lamp-on.png in Resources */,
				5E428AE5244C9BCA003C2BF5 /* Main.storyboard in Resources */,
			);
			runOnlyForDeploymentPostprocessing = 0;
		};
/* End PBXResourcesBuildPhase section */

/* Begin PBXSourcesBuildPhase section */
		5E428AD6244C9BCA003C2BF5 /* Sources */ = {
			isa = PBXSourcesBuildPhase;
			buildActionMask = 2147483647;
			files = (
				5E428AE2244C9BCA003C2BF5 /* ViewController.swift in Sources */,
				5E428ADE244C9BCA003C2BF5 /* AppDelegate.swift in Sources */,
				5E428AE0244C9BCA003C2BF5 /* SceneDelegate.swift in Sources */,
			);
			runOnlyForDeploymentPostprocessing = 0;
		};
/* End PBXSourcesBuildPhase section */

/* Begin PBXVariantGroup section */
		5E428AE3244C9BCA003C2BF5 /* Main.storyboard */ = {
			isa = PBXVariantGroup;
			children = (
				5E428AE4244C9BCA003C2BF5 /* Base */,
			);
			name = Main.storyboard;
			sourceTree = "<group>";
		};
		5E428AE8244C9BCB003C2BF5 /* LaunchScreen.storyboard */ = {
			isa = PBXVariantGroup;
			children = (
				5E428AE9244C9BCB003C2BF5 /* Base */,
			);
			name = LaunchScreen.storyboard;
			sourceTree = "<group>";
		};
/* End PBXVariantGroup section */

/* Begin XCBuildConfiguration section */
		5E428AEC244C9BCB003C2BF5 /* Debug */ = {
			isa = XCBuildConfiguration;
			buildSettings = {
				ALWAYS_SEARCH_USER_PATHS = NO;
				CLANG_ANALYZER_NONNULL = YES;
				CLANG_ANALYZER_NUMBER_OBJECT_CONVERSION = YES_AGGRESSIVE;
				CLANG_CXX_LANGUAGE_STANDARD = "gnu++14";
				CLANG_CXX_LIBRARY = "libc++";
				CLANG_ENABLE_MODULES = YES;
				CLANG_ENABLE_OBJC_ARC = YES;
				CLANG_ENABLE_OBJC_WEAK = YES;
				CLANG_WARN_BLOCK_CAPTURE_AUTORELEASING = YES;
				CLANG_WARN_BOOL_CONVERSION = YES;
				CLANG_WARN_COMMA = YES;
				CLANG_WARN_CONSTANT_CONVERSION = YES;
				CLANG_WARN_DEPRECATED_OBJC_IMPLEMENTATIONS = YES;
				CLANG_WARN_DIRECT_OBJC_ISA_USAGE = YES_ERROR;
				CLANG_WARN_DOCUMENTATION_COMMENTS = YES;
				CLANG_WARN_EMPTY_BODY = YES;
				CLANG_WARN_ENUM_CONVERSION = YES;
				CLANG_WARN_INFINITE_RECURSION = YES;
				CLANG_WARN_INT_CONVERSION = YES;
				CLANG_WARN_NON_LITERAL_NULL_CONVERSION = YES;
				CLANG_WARN_OBJC_IMPLICIT_RETAIN_SELF = YES;
				CLANG_WARN_OBJC_LITERAL_CONVERSION = YES;
				CLANG_WARN_OBJC_ROOT_CLASS = YES_ERROR;
				CLANG_WARN_RANGE_LOOP_ANALYSIS = YES;
				CLANG_WARN_STRICT_PROTOTYPES = YES;
				CLANG_WARN_SUSPICIOUS_MOVE = YES;
				CLANG_WARN_UNGUARDED_AVAILABILITY = YES_AGGRESSIVE;
				CLANG_WARN_UNREACHABLE_CODE = YES;
				CLANG_WARN__DUPLICATE_METHOD_MATCH = YES;
				COPY_PHASE_STRIP = NO;
				DEBUG_INFORMATION_FORMAT = dwarf;
				ENABLE_STRICT_OBJC_MSGSEND = YES;
				ENABLE_TESTABILITY = YES;
				GCC_C_LANGUAGE_STANDARD = gnu11;
				GCC_DYNAMIC_NO_PIC = NO;
				GCC_NO_COMMON_BLOCKS = YES;
				GCC_OPTIMIZATION_LEVEL = 0;
				GCC_PREPROCESSOR_DEFINITIONS = (
					"DEBUG=1",
					"$(inherited)",
				);
				GCC_WARN_64_TO_32_BIT_CONVERSION = YES;
				GCC_WARN_ABOUT_RETURN_TYPE = YES_ERROR;
				GCC_WARN_UNDECLARED_SELECTOR = YES;
				GCC_WARN_UNINITIALIZED_AUTOS = YES_AGGRESSIVE;
				GCC_WARN_UNUSED_FUNCTION = YES;
				GCC_WARN_UNUSED_VARIABLE = YES;
				IPHONEOS_DEPLOYMENT_TARGET = 13.4;
				MTL_ENABLE_DEBUG_INFO = INCLUDE_SOURCE;
				MTL_FAST_MATH = YES;
				ONLY_ACTIVE_ARCH = YES;
				SDKROOT = iphoneos;
				SWIFT_ACTIVE_COMPILATION_CONDITIONS = DEBUG;
				SWIFT_OPTIMIZATION_LEVEL = "-Onone";
			};
			name = Debug;
		};
		5E428AED244C9BCB003C2BF5 /* Release */ = {
			isa = XCBuildConfiguration;
			buildSettings = {
				ALWAYS_SEARCH_USER_PATHS = NO;
				CLANG_ANALYZER_NONNULL = YES;
				CLANG_ANALYZER_NUMBER_OBJECT_CONVERSION = YES_AGGRESSIVE;
				CLANG_CXX_LANGUAGE_STANDARD = "gnu++14";
				CLANG_CXX_LIBRARY = "libc++";
				CLANG_ENABLE_MODULES = YES;
				CLANG_ENABLE_OBJC_ARC = YES;
				CLANG_ENABLE_OBJC_WEAK = YES;
				CLANG_WARN_BLOCK_CAPTURE_AUTORELEASING = YES;
				CLANG_WARN_BOOL_CONVERSION = YES;
				CLANG_WARN_COMMA = YES;
				CLANG_WARN_CONSTANT_CONVERSION = YES;
				CLANG_WARN_DEPRECATED_OBJC_IMPLEMENTATIONS = YES;
				CLANG_WARN_DIRECT_OBJC_ISA_USAGE = YES_ERROR;
				CLANG_WARN_DOCUMENTATION_COMMENTS = YES;
				CLANG_WARN_EMPTY_BODY = YES;
				CLANG_WARN_ENUM_CONVERSION = YES;
				CLANG_WARN_INFINITE_RECURSION = YES;
				CLANG_WARN_INT_CONVERSION = YES;
				CLANG_WARN_NON_LITERAL_NULL_CONVERSION = YES;
				CLANG_WARN_OBJC_IMPLICIT_RETAIN_SELF = YES;
				CLANG_WARN_OBJC_LITERAL_CONVERSION = YES;
				CLANG_WARN_OBJC_ROOT_CLASS = YES_ERROR;
				CLANG_WARN_RANGE_LOOP_ANALYSIS = YES;
				CLANG_WARN_STRICT_PROTOTYPES = YES;
				CLANG_WARN_SUSPICIOUS_MOVE = YES;
				CLANG_WARN_UNGUARDED_AVAILABILITY = YES_AGGRESSIVE;
				CLANG_WARN_UNREACHABLE_CODE = YES;
				CLANG_WARN__DUPLICATE_METHOD_MATCH = YES;
				COPY_PHASE_STRIP = NO;
				DEBUG_INFORMATION_FORMAT = "dwarf-with-dsym";
				ENABLE_NS_ASSERTIONS = NO;
				ENABLE_STRICT_OBJC_MSGSEND = YES;
				GCC_C_LANGUAGE_STANDARD = gnu11;
				GCC_NO_COMMON_BLOCKS = YES;
				GCC_WARN_64_TO_32_BIT_CONVERSION = YES;
				GCC_WARN_ABOUT_RETURN_TYPE = YES_ERROR;
				GCC_WARN_UNDECLARED_SELECTOR = YES;
				GCC_WARN_UNINITIALIZED_AUTOS = YES_AGGRESSIVE;
				GCC_WARN_UNUSED_FUNCTION = YES;
				GCC_WARN_UNUSED_VARIABLE = YES;
				IPHONEOS_DEPLOYMENT_TARGET = 13.4;
				MTL_ENABLE_DEBUG_INFO = NO;
				MTL_FAST_MATH = YES;
				SDKROOT = iphoneos;
				SWIFT_COMPILATION_MODE = wholemodule;
				SWIFT_OPTIMIZATION_LEVEL = "-O";
				VALIDATE_PRODUCT = YES;
			};
			name = Release;
		};
		5E428AEF244C9BCB003C2BF5 /* Debug */ = {
			isa = XCBuildConfiguration;
			buildSettings = {
				ASSETCATALOG_COMPILER_APPICON_NAME = AppIcon;
				CODE_SIGN_STYLE = Automatic;
				DEVELOPMENT_TEAM = G4H7TGCHUL;
				INFOPLIST_FILE = Alert/Info.plist;
				LD_RUNPATH_SEARCH_PATHS = (
					"$(inherited)",
					"@executable_path/Frameworks",
				);
				PRODUCT_BUNDLE_IDENTIFIER = com.mycompany.ios.MyApp.Alert;
				PRODUCT_NAME = "$(TARGET_NAME)";
				SWIFT_VERSION = 5.0;
				TARGETED_DEVICE_FAMILY = "1,2";
			};
			name = Debug;
		};
		5E428AF0244C9BCB003C2BF5 /* Release */ = {
			isa = XCBuildConfiguration;
			buildSettings = {
				ASSETCATALOG_COMPILER_APPICON_NAME = AppIcon;
				CODE_SIGN_STYLE = Automatic;
				DEVELOPMENT_TEAM = G4H7TGCHUL;
				INFOPLIST_FILE = Alert/Info.plist;
				LD_RUNPATH_SEARCH_PATHS = (
					"$(inherited)",
					"@executable_path/Frameworks",
				);
				PRODUCT_BUNDLE_IDENTIFIER = com.mycompany.ios.MyApp.Alert;
				PRODUCT_NAME = "$(TARGET_NAME)";
				SWIFT_VERSION = 5.0;
				TARGETED_DEVICE_FAMILY = "1,2";
			};
			name = Release;
		};
/* End XCBuildConfiguration section */

/* Begin XCConfigurationList section */
		5E428AD5244C9BCA003C2BF5 /* Build configuration list for PBXProject "Alert" */ = {
			isa = XCConfigurationList;
			buildConfigurations = (
				5E428AEC244C9BCB003C2BF5 /* Debug */,
				5E428AED244C9BCB003C2BF5 /* Release */,
			);
			defaultConfigurationIsVisible = 0;
			defaultConfigurationName = Release;
		};
		5E428AEE244C9BCB003C2BF5 /* Build configuration list for PBXNativeTarget "Alert" */ = {
			isa = XCConfigurationList;
			buildConfigurations = (
				5E428AEF244C9BCB003C2BF5 /* Debug */,
				5E428AF0244C9BCB003C2BF5 /* Release */,
			);
			defaultConfigurationIsVisible = 0;
			defaultConfigurationName = Release;
		};
/* End XCConfigurationList section */
	};
	rootObject = 5E428AD2244C9BCA003C2BF5 /* Project object */;
}
